
Microsoft Visual Studio Solution File, Format Version 12.00
# Visual Studio Version 16
VisualStudioVersion = 16.0.30804.86
MinimumVisualStudioVersion = 10.0.40219.1
Project("{9A19103F-16F7-4668-BE54-9A1E7A4F7556}") = "BlazorServer", "BlazorServer\BlazorServer.csproj", "{8D6B8BA4-8D64-4383-8EF2-491A9B8D0ECA}"
EndProject
Project("{FAE04EC0-301F-11D3-BF4B-00C04F79EFBC}") = "BlazorWebAssembly", "BlazorWebAssembly\BlazorWebAssembly.csproj", "{D13B9E43-E1E6-4FEF-92A2-D93D3CC1906C}"
EndProject
Global
	GlobalSection(SolutionConfigurationPlatforms) = preSolution
		Debug|Any CPU = Debug|Any CPU
		Release|Any CPU = Release|Any CPU
	EndGlobalSection
	GlobalSection(ProjectConfigurationPlatforms) = postSolution
		{8D6B8BA4-8D64-4383-8EF2-491A9B8D0ECA}.Debug|Any CPU.ActiveCfg = Debug|Any CPU
		{8D6B8BA4-8D64-4383-8EF2-491A9B8D0ECA}.Debug|Any CPU.Build.0 = Debug|Any CPU
		{8D6B8BA4-8D64-4383-8EF2-491A9B8D0ECA}.Release|Any CPU.ActiveCfg = Release|Any CPU
		{8D6B8BA4-8D64-4383-8EF2-491A9B8D0ECA}.Release|Any CPU.Build.0 = Release|Any CPU
		{D13B9E43-E1E6-4FEF-92A2-D93D3CC1906C}.Debug|Any CPU.ActiveCfg = Debug|Any CPU
		{D13B9E43-E1E6-4FEF-92A2-D93D3CC1906C}.Debug|Any CPU.Build.0 = Debug|Any CPU
		{D13B9E43-E1E6-4FEF-92A2-D93D3CC1906C}.Release|Any CPU.ActiveCfg = Release|Any CPU
		{D13B9E43-E1E6-4FEF-92A2-D93D3CC1906C}.Release|Any CPU.Build.0 = Release|Any CPU
	EndGlobalSection
	GlobalSection(SolutionProperties) = preSolution
		HideSolutionNode = FALSE
	EndGlobalSection
	GlobalSection(ExtensibilityGlobals) = postSolution
		SolutionGuid = {693164F2-3B3B-4D7A-B195-EDC7AC67B051}
	EndGlobalSection
EndGlobal
